<?xml version="1.0" encoding="utf-8"?>
<Project ToolsVersion="4.0" xmlns="http://schemas.microsoft.com/developer/msbuild/2003">
  <ItemGroup>
    <Filter Include="Source Files">
      <UniqueIdentifier>{4FC737F1-C7A5-4376-A066-2A32D752A2FF}</UniqueIdentifier>
      <Extensions>cpp;c;cxx;def;odl;idl;hpj;bat;asm;asmx</Extensions>
    </Filter>
    <Filter Include="Header Files">
      <UniqueIdentifier>{93995380-89BD-4b04-88EB-625FBE52EBFB}</UniqueIdentifier>
      <Extensions>h;hpp;hxx;hm;inl;inc;xsd</Extensions>
    </Filter>
    <Filter Include="Resource Files">
      <UniqueIdentifier>{67DA6AB6-F800-4c08-8B7A-83BB121AAD01}</UniqueIdentifier>
      <Extensions>rc;ico;cur;bmp;dlg;rc2;rct;bin;rgs;gif;jpg;jpeg;jpe;resx</Extensions>
    </Filter>
  </ItemGroup>
  <ItemGroup>
    <ClCompile Include="BathymetryImageDierssenPostprocess.cpp">
      <Filter>Source Files</Filter>
    </ClCompile>
    <ClCompile Include="Convolve.cpp">
      <Filter>Source Files</Filter>
    </ClCompile>
    <ClCompile Include="DataInterface.cpp">
      <Filter>Source Files</Filter>
    </ClCompile>
    <ClCompile Include="derivify.cpp">
      <Filter>Source Files</Filter>
    </ClCompile>
    <ClCompile Include="DierssenDiffuseMethod.cpp">
      <Filter>Source Files</Filter>
    </ClCompile>
    <ClCompile Include="DierssenMethod.cpp">
      <Filter>Source Files</Filter>
    </ClCompile>
    <ClCompile Include="DierssenPostprocessMethod.cpp">
      <Filter>Source Files</Filter>
    </ClCompile>
    <ClCompile Include="GaussJordan.cpp">
      <Filter>Source Files</Filter>
    </ClCompile>
    <ClCompile Include="GradientDescent.cpp">
      <Filter>Source Files</Filter>
    </ClCompile>
    <ClCompile Include="HyperspectralImage.cpp">
      <Filter>Source Files</Filter>
    </ClCompile>
    <ClCompile Include="InputArguments.cpp">
      <Filter>Source Files</Filter>
    </ClCompile>
    <ClCompile Include="LeeDiffuseMethod.cpp">
      <Filter>Source Files</Filter>
    </ClCompile>
    <ClCompile Include="LeeIterDiffuseMethod.cpp">
      <Filter>Source Files</Filter>
    </ClCompile>
    <ClCompile Include="LeeMethod.cpp">
      <Filter>Source Files</Filter>
    </ClCompile>
    <ClCompile Include="LeePostprocessMethod.cpp">
      <Filter>Source Files</Filter>
    </ClCompile>
    <ClCompile Include="LevenbergMarquardt.cpp">
      <Filter>Source Files</Filter>
    </ClCompile>
    <ClCompile Include="ParamInterface.cpp">
      <Filter>Source Files</Filter>
    </ClCompile>
    <ClCompile Include="rndm.cpp">
      <Filter>Source Files</Filter>
    </ClCompile>
    <ClCompile Include="stdafx.cpp">
      <Filter>Source Files</Filter>
    </ClCompile>
    <ClCompile Include="Utility.cpp">
      <Filter>Source Files</Filter>
    </ClCompile>
  </ItemGroup>
  <ItemGroup>
    <ClInclude Include="AbstractMethod.h">
      <Filter>Header Files</Filter>
    </ClInclude>
    <ClInclude Include="Convolve.h">
      <Filter>Header Files</Filter>
    </ClInclude>
    <ClInclude Include="DataInterface.h">
      <Filter>Header Files</Filter>
    </ClInclude>
    <ClInclude Include="derivify.h">
      <Filter>Header Files</Filter>
    </ClInclude>
    <ClInclude Include="DierssenDiffuseMethod.h">
      <Filter>Header Files</Filter>
    </ClInclude>
    <ClInclude Include="DierssenMethod.h">
      <Filter>Header Files</Filter>
    </ClInclude>
    <ClInclude Include="DierssenPostprocessMethod.h">
      <Filter>Header Files</Filter>
    </ClInclude>
    <ClInclude Include="GaussJordan.h">
      <Filter>Header Files</Filter>
    </ClInclude>
    <ClInclude Include="GeoData.h">
      <Filter>Header Files</Filter>
    </ClInclude>
    <ClInclude Include="gradient.h">
      <Filter>Header Files</Filter>
    </ClInclude>
    <ClInclude Include="GradientDescent.h">
      <Filter>Header Files</Filter>
    </ClInclude>
    <ClInclude Include="HyperspectralImage.h">
      <Filter>Header Files</Filter>
    </ClInclude>
    <ClInclude Include="Image.h">
      <Filter>Header Files</Filter>
    </ClInclude>
    <ClInclude Include="InputArguments.h">
      <Filter>Header Files</Filter>
    </ClInclude>
    <ClInclude Include="LeeDiffuseMethod.h">
      <Filter>Header Files</Filter>
    </ClInclude>
    <ClInclude Include="LeeIterDiffuseMethod.h">
      <Filter>Header Files</Filter>
    </ClInclude>
    <ClInclude Include="LeeMethod.h">
      <Filter>Header Files</Filter>
    </ClInclude>
    <ClInclude Include="LeePostprocessMethod.h">
      <Filter>Header Files</Filter>
    </ClInclude>
    <ClInclude Include="LevenbergMarquardt.h">
      <Filter>Header Files</Filter>
    </ClInclude>
    <ClInclude Include="mytype.h">
      <Filter>Header Files</Filter>
    </ClInclude>
    <ClInclude Include="ParamInterface.h">
      <Filter>Header Files</Filter>
    </ClInclude>
    <ClInclude Include="rndm.h">
      <Filter>Header Files</Filter>
    </ClInclude>
    <ClInclude Include="stdafx.h">
      <Filter>Header Files</Filter>
    </ClInclude>
    <ClInclude Include="Utility.h">
      <Filter>Header Files</Filter>
    </ClInclude>
  </ItemGroup>
  <ItemGroup>
    <Text Include="ReadMe.txt" />
  </ItemGroup>
</Project>